{
  "version": "5",
  "specifiers": {
    "jsr:@mastrojs/mastro@0": "0.8.10"
  },
  "jsr": {
    "@mastrojs/mastro@0.8.10": {
      "integrity": "db5d2f7d26299a5821357493e188fcd5609fbc95b40d8b427d09a194a9a76ec6"
    }
  },
  "workspace": {
    "dependencies": [
      "jsr:@mastrojs/mastro@0"
    ]
  }
}
